// !$*UTF8*$!
{
	archiveVersion = 1;
	classes = {
	};
	objectVersion = 55;
	objects = {

/* Begin PBXBuildFile section */
		8832285F280F7E82008A8EE7 /* AnimationDemo.swift in Sources */ = {isa = PBXBuildFile; fileRef = 8832285E280F7E82008A8EE7 /* AnimationDemo.swift */; };
		88322863280F840A008A8EE7 /* AnimationDemo2.swift in Sources */ = {isa = PBXBuildFile; fileRef = 88322862280F840A008A8EE7 /* AnimationDemo2.swift */; };
		88322892281221A2008A8EE7 /* Animation+Customized.swift in Sources */ = {isa = PBXBuildFile; fileRef = 88322891281221A2008A8EE7 /* Animation+Customized.swift */; };
		883228942812247D008A8EE7 /* AnyTransition+Customized.swift in Sources */ = {isa = PBXBuildFile; fileRef = 883228932812247D008A8EE7 /* AnyTransition+Customized.swift */; };
		883228982818921B008A8EE7 /* StructuralIdentity.swift in Sources */ = {isa = PBXBuildFile; fileRef = 883228972818921B008A8EE7 /* StructuralIdentity.swift */; };
		8832289B281B3D02008A8EE7 /* StateObjectDemo.swift in Sources */ = {isa = PBXBuildFile; fileRef = 8832289A281B3D02008A8EE7 /* StateObjectDemo.swift */; };
		8832289D281B4C46008A8EE7 /* StableOrUnstableID.swift in Sources */ = {isa = PBXBuildFile; fileRef = 8832289C281B4C46008A8EE7 /* StableOrUnstableID.swift */; };
		8855642C282DA2DC00A6670A /* CircularProgressView.swift in Sources */ = {isa = PBXBuildFile; fileRef = 88556420282DA2DC00A6670A /* CircularProgressView.swift */; };
		8855642D282DA2DC00A6670A /* ProgressRingView.swift in Sources */ = {isa = PBXBuildFile; fileRef = 88556421282DA2DC00A6670A /* ProgressRingView.swift */; };
		8855642E282DA2DC00A6670A /* InspirationView.swift in Sources */ = {isa = PBXBuildFile; fileRef = 88556423282DA2DC00A6670A /* InspirationView.swift */; };
		8855642F282DA2DC00A6670A /* ImageGalleryView.swift in Sources */ = {isa = PBXBuildFile; fileRef = 88556424282DA2DC00A6670A /* ImageGalleryView.swift */; };
		88556430282DA2DC00A6670A /* ReminderCardView.swift in Sources */ = {isa = PBXBuildFile; fileRef = 88556426282DA2DC00A6670A /* ReminderCardView.swift */; };
		88556433282DA2DC00A6670A /* GroupCardView.swift in Sources */ = {isa = PBXBuildFile; fileRef = 88556429282DA2DC00A6670A /* GroupCardView.swift */; };
		88556435282DA2DC00A6670A /* BadgeView.swift in Sources */ = {isa = PBXBuildFile; fileRef = 8855642B282DA2DC00A6670A /* BadgeView.swift */; };
		88556439282DA33800A6670A /* ImageGalleryViewModel.swift in Sources */ = {isa = PBXBuildFile; fileRef = 88556436282DA33800A6670A /* ImageGalleryViewModel.swift */; };
		8855643A282DA33800A6670A /* ReminderViewModel.swift in Sources */ = {isa = PBXBuildFile; fileRef = 88556437282DA33800A6670A /* ReminderViewModel.swift */; };
		8855643B282DA33800A6670A /* RootRepositoryViewModel.swift in Sources */ = {isa = PBXBuildFile; fileRef = 88556438282DA33800A6670A /* RootRepositoryViewModel.swift */; };
		8855643D282DA35A00A6670A /* View+Progressable.swift in Sources */ = {isa = PBXBuildFile; fileRef = 8855643C282DA35A00A6670A /* View+Progressable.swift */; };
		88556440282DA36F00A6670A /* ImageGallery.swift in Sources */ = {isa = PBXBuildFile; fileRef = 8855643E282DA36F00A6670A /* ImageGallery.swift */; };
		88556441282DA36F00A6670A /* Reminder.swift in Sources */ = {isa = PBXBuildFile; fileRef = 8855643F282DA36F00A6670A /* Reminder.swift */; };
		88556445282DA37C00A6670A /* ReminderGroupRepository.swift in Sources */ = {isa = PBXBuildFile; fileRef = 88556443282DA37C00A6670A /* ReminderGroupRepository.swift */; };
		88556446282DA37C00A6670A /* ReminderRepository.swift in Sources */ = {isa = PBXBuildFile; fileRef = 88556444282DA37C00A6670A /* ReminderRepository.swift */; };
		88556449282DA39D00A6670A /* ImageGalleryAPIService.swift.swift in Sources */ = {isa = PBXBuildFile; fileRef = 88556448282DA39D00A6670A /* ImageGalleryAPIService.swift.swift */; };
		8855644B282DA3E300A6670A /* UserData.swift in Sources */ = {isa = PBXBuildFile; fileRef = 8855644A282DA3E300A6670A /* UserData.swift */; };
		8855644E282DA40E00A6670A /* IORepository.swift in Sources */ = {isa = PBXBuildFile; fileRef = 8855644D282DA40E00A6670A /* IORepository.swift */; };
		88556450282DA45300A6670A /* Progressable.swift in Sources */ = {isa = PBXBuildFile; fileRef = 8855644F282DA45300A6670A /* Progressable.swift */; };
		885564972834456700A6670A /* ActionButtonViewModel.swift in Sources */ = {isa = PBXBuildFile; fileRef = 885564962834456700A6670A /* ActionButtonViewModel.swift */; };
		885564992834458900A6670A /* GroupView.swift in Sources */ = {isa = PBXBuildFile; fileRef = 885564982834458900A6670A /* GroupView.swift */; };
		8855649B2834459400A6670A /* SettingsView.swift in Sources */ = {isa = PBXBuildFile; fileRef = 8855649A2834459400A6670A /* SettingsView.swift */; };
		8855649D283445D000A6670A /* ActionButton.swift in Sources */ = {isa = PBXBuildFile; fileRef = 8855649C283445D000A6670A /* ActionButton.swift */; };
		8855649F283445EF00A6670A /* SettingsViewModel.swift in Sources */ = {isa = PBXBuildFile; fileRef = 8855649E283445EF00A6670A /* SettingsViewModel.swift */; };
		885564A12834464400A6670A /* Settings.swift in Sources */ = {isa = PBXBuildFile; fileRef = 885564A02834464400A6670A /* Settings.swift */; };
		885564A32834474A00A6670A /* DetailView.swift in Sources */ = {isa = PBXBuildFile; fileRef = 885564A22834474A00A6670A /* DetailView.swift */; };
		885564A52834475800A6670A /* ReminderView.swift in Sources */ = {isa = PBXBuildFile; fileRef = 885564A42834475800A6670A /* ReminderView.swift */; };
		8857469A27F3CD2F006830F5 /* ToDoSwiftUIApp.swift in Sources */ = {isa = PBXBuildFile; fileRef = 8857469927F3CD2F006830F5 /* ToDoSwiftUIApp.swift */; };
		8857469E27F3CD30006830F5 /* Assets.xcassets in Resources */ = {isa = PBXBuildFile; fileRef = 8857469D27F3CD30006830F5 /* Assets.xcassets */; };
		885746A127F3CD30006830F5 /* Preview Assets.xcassets in Resources */ = {isa = PBXBuildFile; fileRef = 885746A027F3CD30006830F5 /* Preview Assets.xcassets */; };
		885746AE27FFAD69006830F5 /* ReminderGroup.swift in Sources */ = {isa = PBXBuildFile; fileRef = 885746AD27FFAD69006830F5 /* ReminderGroup.swift */; };
		88B7CB232806404C005B727E /* Color+Utility.swift in Sources */ = {isa = PBXBuildFile; fileRef = 88B7CB222806404C005B727E /* Color+Utility.swift */; };
		88B7CB2528064330005B727E /* String+Utility.swift in Sources */ = {isa = PBXBuildFile; fileRef = 88B7CB2428064330005B727E /* String+Utility.swift */; };
		88B7CB2828064502005B727E /* hw1hints.swift in Sources */ = {isa = PBXBuildFile; fileRef = 88B7CB2728064502005B727E /* hw1hints.swift */; };
		88B7CB2B28064957005B727E /* Expand.swift in Sources */ = {isa = PBXBuildFile; fileRef = 88B7CB2A28064957005B727E /* Expand.swift */; };
		88B7CB372808E41A005B727E /* View+Utility.swift in Sources */ = {isa = PBXBuildFile; fileRef = 88B7CB362808E41A005B727E /* View+Utility.swift */; };
		88B7CB3C2808EA9F005B727E /* ReminderGroupViewModel.swift in Sources */ = {isa = PBXBuildFile; fileRef = 88B7CB3B2808EA9F005B727E /* ReminderGroupViewModel.swift */; };
		88FF390C282494C700CFFC0E /* MyForm.swift in Sources */ = {isa = PBXBuildFile; fileRef = 88FF390B282494C700CFFC0E /* MyForm.swift */; };
		88FF390E282495C100CFFC0E /* MyTextField.swift in Sources */ = {isa = PBXBuildFile; fileRef = 88FF390D282495C100CFFC0E /* MyTextField.swift */; };
/* End PBXBuildFile section */

/* Begin PBXFileReference section */
		8832285E280F7E82008A8EE7 /* AnimationDemo.swift */ = {isa = PBXFileReference; fileEncoding = 4; lastKnownFileType = sourcecode.swift; path = AnimationDemo.swift; sourceTree = "<group>"; };
		88322862280F840A008A8EE7 /* AnimationDemo2.swift */ = {isa = PBXFileReference; fileEncoding = 4; lastKnownFileType = sourcecode.swift; path = AnimationDemo2.swift; sourceTree = "<group>"; };
		88322891281221A2008A8EE7 /* Animation+Customized.swift */ = {isa = PBXFileReference; lastKnownFileType = sourcecode.swift; path = "Animation+Customized.swift"; sourceTree = "<group>"; };
		883228932812247D008A8EE7 /* AnyTransition+Customized.swift */ = {isa = PBXFileReference; lastKnownFileType = sourcecode.swift; path = "AnyTransition+Customized.swift"; sourceTree = "<group>"; };
		883228972818921B008A8EE7 /* StructuralIdentity.swift */ = {isa = PBXFileReference; lastKnownFileType = sourcecode.swift; path = StructuralIdentity.swift; sourceTree = "<group>"; };
		8832289A281B3D02008A8EE7 /* StateObjectDemo.swift */ = {isa = PBXFileReference; fileEncoding = 4; lastKnownFileType = sourcecode.swift; path = StateObjectDemo.swift; sourceTree = "<group>"; };
		8832289C281B4C46008A8EE7 /* StableOrUnstableID.swift */ = {isa = PBXFileReference; lastKnownFileType = sourcecode.swift; path = StableOrUnstableID.swift; sourceTree = "<group>"; };
		88556420282DA2DC00A6670A /* CircularProgressView.swift */ = {isa = PBXFileReference; fileEncoding = 4; lastKnownFileType = sourcecode.swift; path = CircularProgressView.swift; sourceTree = "<group>"; };
		88556421282DA2DC00A6670A /* ProgressRingView.swift */ = {isa = PBXFileReference; fileEncoding = 4; lastKnownFileType = sourcecode.swift; path = ProgressRingView.swift; sourceTree = "<group>"; };
		88556423282DA2DC00A6670A /* InspirationView.swift */ = {isa = PBXFileReference; fileEncoding = 4; lastKnownFileType = sourcecode.swift; path = InspirationView.swift; sourceTree = "<group>"; };
		88556424282DA2DC00A6670A /* ImageGalleryView.swift */ = {isa = PBXFileReference; fileEncoding = 4; lastKnownFileType = sourcecode.swift; path = ImageGalleryView.swift; sourceTree = "<group>"; };
		88556426282DA2DC00A6670A /* ReminderCardView.swift */ = {isa = PBXFileReference; fileEncoding = 4; lastKnownFileType = sourcecode.swift; path = ReminderCardView.swift; sourceTree = "<group>"; };
		88556429282DA2DC00A6670A /* GroupCardView.swift */ = {isa = PBXFileReference; fileEncoding = 4; lastKnownFileType = sourcecode.swift; path = GroupCardView.swift; sourceTree = "<group>"; };
		8855642B282DA2DC00A6670A /* BadgeView.swift */ = {isa = PBXFileReference; fileEncoding = 4; lastKnownFileType = sourcecode.swift; path = BadgeView.swift; sourceTree = "<group>"; };
		88556436282DA33800A6670A /* ImageGalleryViewModel.swift */ = {isa = PBXFileReference; fileEncoding = 4; lastKnownFileType = sourcecode.swift; path = ImageGalleryViewModel.swift; sourceTree = "<group>"; };
		88556437282DA33800A6670A /* ReminderViewModel.swift */ = {isa = PBXFileReference; fileEncoding = 4; lastKnownFileType = sourcecode.swift; path = ReminderViewModel.swift; sourceTree = "<group>"; };
		88556438282DA33800A6670A /* RootRepositoryViewModel.swift */ = {isa = PBXFileReference; fileEncoding = 4; lastKnownFileType = sourcecode.swift; path = RootRepositoryViewModel.swift; sourceTree = "<group>"; };
		8855643C282DA35A00A6670A /* View+Progressable.swift */ = {isa = PBXFileReference; fileEncoding = 4; lastKnownFileType = sourcecode.swift; path = "View+Progressable.swift"; sourceTree = "<group>"; };
		8855643E282DA36F00A6670A /* ImageGallery.swift */ = {isa = PBXFileReference; fileEncoding = 4; lastKnownFileType = sourcecode.swift; path = ImageGallery.swift; sourceTree = "<group>"; };
		8855643F282DA36F00A6670A /* Reminder.swift */ = {isa = PBXFileReference; fileEncoding = 4; lastKnownFileType = sourcecode.swift; path = Reminder.swift; sourceTree = "<group>"; };
		88556443282DA37C00A6670A /* ReminderGroupRepository.swift */ = {isa = PBXFileReference; fileEncoding = 4; lastKnownFileType = sourcecode.swift; path = ReminderGroupRepository.swift; sourceTree = "<group>"; };
		88556444282DA37C00A6670A /* ReminderRepository.swift */ = {isa = PBXFileReference; fileEncoding = 4; lastKnownFileType = sourcecode.swift; path = ReminderRepository.swift; sourceTree = "<group>"; };
		88556448282DA39D00A6670A /* ImageGalleryAPIService.swift.swift */ = {isa = PBXFileReference; fileEncoding = 4; lastKnownFileType = sourcecode.swift; path = ImageGalleryAPIService.swift.swift; sourceTree = "<group>"; };
		8855644A282DA3E300A6670A /* UserData.swift */ = {isa = PBXFileReference; fileEncoding = 4; lastKnownFileType = sourcecode.swift; path = UserData.swift; sourceTree = "<group>"; };
		8855644D282DA40E00A6670A /* IORepository.swift */ = {isa = PBXFileReference; fileEncoding = 4; lastKnownFileType = sourcecode.swift; path = IORepository.swift; sourceTree = "<group>"; };
		8855644F282DA45300A6670A /* Progressable.swift */ = {isa = PBXFileReference; fileEncoding = 4; lastKnownFileType = sourcecode.swift; path = Progressable.swift; sourceTree = "<group>"; };
		885564962834456700A6670A /* ActionButtonViewModel.swift */ = {isa = PBXFileReference; fileEncoding = 4; lastKnownFileType = sourcecode.swift; path = ActionButtonViewModel.swift; sourceTree = "<group>"; };
		885564982834458900A6670A /* GroupView.swift */ = {isa = PBXFileReference; fileEncoding = 4; lastKnownFileType = sourcecode.swift; path = GroupView.swift; sourceTree = "<group>"; };
		8855649A2834459400A6670A /* SettingsView.swift */ = {isa = PBXFileReference; fileEncoding = 4; lastKnownFileType = sourcecode.swift; path = SettingsView.swift; sourceTree = "<group>"; };
		8855649C283445D000A6670A /* ActionButton.swift */ = {isa = PBXFileReference; fileEncoding = 4; lastKnownFileType = sourcecode.swift; path = ActionButton.swift; sourceTree = "<group>"; };
		8855649E283445EF00A6670A /* SettingsViewModel.swift */ = {isa = PBXFileReference; fileEncoding = 4; lastKnownFileType = sourcecode.swift; path = SettingsViewModel.swift; sourceTree = "<group>"; };
		885564A02834464400A6670A /* Settings.swift */ = {isa = PBXFileReference; fileEncoding = 4; lastKnownFileType = sourcecode.swift; path = Settings.swift; sourceTree = "<group>"; };
		885564A22834474A00A6670A /* DetailView.swift */ = {isa = PBXFileReference; fileEncoding = 4; lastKnownFileType = sourcecode.swift; path = DetailView.swift; sourceTree = "<group>"; };
		885564A42834475800A6670A /* ReminderView.swift */ = {isa = PBXFileReference; fileEncoding = 4; lastKnownFileType = sourcecode.swift; path = ReminderView.swift; sourceTree = "<group>"; };
		8857469627F3CD2F006830F5 /* ToDoSwiftUI.app */ = {isa = PBXFileReference; explicitFileType = wrapper.application; includeInIndex = 0; path = ToDoSwiftUI.app; sourceTree = BUILT_PRODUCTS_DIR; };
		8857469927F3CD2F006830F5 /* ToDoSwiftUIApp.swift */ = {isa = PBXFileReference; lastKnownFileType = sourcecode.swift; path = ToDoSwiftUIApp.swift; sourceTree = "<group>"; };
		8857469D27F3CD30006830F5 /* Assets.xcassets */ = {isa = PBXFileReference; lastKnownFileType = folder.assetcatalog; path = Assets.xcassets; sourceTree = "<group>"; };
		885746A027F3CD30006830F5 /* Preview Assets.xcassets */ = {isa = PBXFileReference; lastKnownFileType = folder.assetcatalog; path = "Preview Assets.xcassets"; sourceTree = "<group>"; };
		885746AD27FFAD69006830F5 /* ReminderGroup.swift */ = {isa = PBXFileReference; lastKnownFileType = sourcecode.swift; path = ReminderGroup.swift; sourceTree = "<group>"; };
		88B7CB222806404C005B727E /* Color+Utility.swift */ = {isa = PBXFileReference; lastKnownFileType = sourcecode.swift; path = "Color+Utility.swift"; sourceTree = "<group>"; };
		88B7CB2428064330005B727E /* String+Utility.swift */ = {isa = PBXFileReference; lastKnownFileType = sourcecode.swift; path = "String+Utility.swift"; sourceTree = "<group>"; };
		88B7CB2728064502005B727E /* hw1hints.swift */ = {isa = PBXFileReference; lastKnownFileType = sourcecode.swift; path = hw1hints.swift; sourceTree = "<group>"; };
		88B7CB2A28064957005B727E /* Expand.swift */ = {isa = PBXFileReference; lastKnownFileType = sourcecode.swift; path = Expand.swift; sourceTree = "<group>"; };
		88B7CB362808E41A005B727E /* View+Utility.swift */ = {isa = PBXFileReference; lastKnownFileType = sourcecode.swift; path = "View+Utility.swift"; sourceTree = "<group>"; };
		88B7CB3B2808EA9F005B727E /* ReminderGroupViewModel.swift */ = {isa = PBXFileReference; lastKnownFileType = sourcecode.swift; path = ReminderGroupViewModel.swift; sourceTree = "<group>"; };
		88FF390B282494C700CFFC0E /* MyForm.swift */ = {isa = PBXFileReference; lastKnownFileType = sourcecode.swift; path = MyForm.swift; sourceTree = "<group>"; };
		88FF390D282495C100CFFC0E /* MyTextField.swift */ = {isa = PBXFileReference; lastKnownFileType = sourcecode.swift; path = MyTextField.swift; sourceTree = "<group>"; };
/* End PBXFileReference section */

/* Begin PBXFrameworksBuildPhase section */
		8857469327F3CD2F006830F5 /* Frameworks */ = {
			isa = PBXFrameworksBuildPhase;
			buildActionMask = 2147483647;
			files = (
			);
			runOnlyForDeploymentPostprocessing = 0;
		};
/* End PBXFrameworksBuildPhase section */

/* Begin PBXGroup section */
		8832285D280F7E33008A8EE7 /* AnimationDemos */ = {
			isa = PBXGroup;
			children = (
				8832285E280F7E82008A8EE7 /* AnimationDemo.swift */,
				88322862280F840A008A8EE7 /* AnimationDemo2.swift */,
			);
			path = AnimationDemos;
			sourceTree = "<group>";
		};
		88322899281B3CEB008A8EE7 /* Lecture5-2-Codes */ = {
			isa = PBXGroup;
			children = (
				8832289A281B3D02008A8EE7 /* StateObjectDemo.swift */,
				883228972818921B008A8EE7 /* StructuralIdentity.swift */,
				8832289C281B4C46008A8EE7 /* StableOrUnstableID.swift */,
			);
			path = "Lecture5-2-Codes";
			sourceTree = "<group>";
		};
		88556422282DA2DC00A6670A /* InspirationViews */ = {
			isa = PBXGroup;
			children = (
				88556423282DA2DC00A6670A /* InspirationView.swift */,
				88556424282DA2DC00A6670A /* ImageGalleryView.swift */,
			);
			path = InspirationViews;
			sourceTree = "<group>";
		};
		88556425282DA2DC00A6670A /* MainViews */ = {
			isa = PBXGroup;
			children = (
				885564982834458900A6670A /* GroupView.swift */,
				88556429282DA2DC00A6670A /* GroupCardView.swift */,
				885564A42834475800A6670A /* ReminderView.swift */,
				88556426282DA2DC00A6670A /* ReminderCardView.swift */,
				885564A22834474A00A6670A /* DetailView.swift */,
				8855649A2834459400A6670A /* SettingsView.swift */,
			);
			path = MainViews;
			sourceTree = "<group>";
		};
		88556442282DA37C00A6670A /* Repository */ = {
			isa = PBXGroup;
			children = (
				88556443282DA37C00A6670A /* ReminderGroupRepository.swift */,
				88556444282DA37C00A6670A /* ReminderRepository.swift */,
			);
			path = Repository;
			sourceTree = "<group>";
		};
		88556447282DA39D00A6670A /* Services */ = {
			isa = PBXGroup;
			children = (
				88556448282DA39D00A6670A /* ImageGalleryAPIService.swift.swift */,
			);
			path = Services;
			sourceTree = "<group>";
		};
		8855644C282DA40E00A6670A /* Protocols */ = {
			isa = PBXGroup;
			children = (
				8855644D282DA40E00A6670A /* IORepository.swift */,
			);
			path = Protocols;
			sourceTree = "<group>";
		};
		8857468D27F3CD2F006830F5 = {
			isa = PBXGroup;
			children = (
				8857469827F3CD2F006830F5 /* ToDoSwiftUI */,
				8857469727F3CD2F006830F5 /* Products */,
			);
			sourceTree = "<group>";
		};
		8857469727F3CD2F006830F5 /* Products */ = {
			isa = PBXGroup;
			children = (
				8857469627F3CD2F006830F5 /* ToDoSwiftUI.app */,
			);
			name = Products;
			sourceTree = "<group>";
		};
		8857469827F3CD2F006830F5 /* ToDoSwiftUI */ = {
			isa = PBXGroup;
			children = (
				88B7CB26280644F6005B727E /* hints */,
				88322899281B3CEB008A8EE7 /* Lecture5-2-Codes */,
				8832285D280F7E33008A8EE7 /* AnimationDemos */,
				8855644C282DA40E00A6670A /* Protocols */,
				88556442282DA37C00A6670A /* Repository */,
				88B7CB3A2808EA39005B727E /* Models */,
				88B7CB382808EA28005B727E /* ViewModels */,
				88B7CB392808EA34005B727E /* Views */,
				88B7CB292806493C005B727E /* ViewModifiers */,
				88556447282DA39D00A6670A /* Services */,
				88B7CB2128064019005B727E /* Extensions */,
				8857469927F3CD2F006830F5 /* ToDoSwiftUIApp.swift */,
				8855644A282DA3E300A6670A /* UserData.swift */,
				8857469D27F3CD30006830F5 /* Assets.xcassets */,
				8857469F27F3CD30006830F5 /* Preview Content */,
			);
			path = ToDoSwiftUI;
			sourceTree = "<group>";
		};
		8857469F27F3CD30006830F5 /* Preview Content */ = {
			isa = PBXGroup;
			children = (
				885746A027F3CD30006830F5 /* Preview Assets.xcassets */,
			);
			path = "Preview Content";
			sourceTree = "<group>";
		};
		88B7CB2128064019005B727E /* Extensions */ = {
			isa = PBXGroup;
			children = (
				88B7CB222806404C005B727E /* Color+Utility.swift */,
				88B7CB2428064330005B727E /* String+Utility.swift */,
				88B7CB362808E41A005B727E /* View+Utility.swift */,
				88322891281221A2008A8EE7 /* Animation+Customized.swift */,
				883228932812247D008A8EE7 /* AnyTransition+Customized.swift */,
				8855643C282DA35A00A6670A /* View+Progressable.swift */,
			);
			path = Extensions;
			sourceTree = "<group>";
		};
		88B7CB26280644F6005B727E /* hints */ = {
			isa = PBXGroup;
			children = (
				88B7CB2728064502005B727E /* hw1hints.swift */,
			);
			path = hints;
			sourceTree = "<group>";
		};
		88B7CB292806493C005B727E /* ViewModifiers */ = {
			isa = PBXGroup;
			children = (
				88B7CB2A28064957005B727E /* Expand.swift */,
				8855644F282DA45300A6670A /* Progressable.swift */,
			);
			path = ViewModifiers;
			sourceTree = "<group>";
		};
		88B7CB382808EA28005B727E /* ViewModels */ = {
			isa = PBXGroup;
			children = (
				88556436282DA33800A6670A /* ImageGalleryViewModel.swift */,
				88556437282DA33800A6670A /* ReminderViewModel.swift */,
				88B7CB3B2808EA9F005B727E /* ReminderGroupViewModel.swift */,
				88556438282DA33800A6670A /* RootRepositoryViewModel.swift */,
				8855649E283445EF00A6670A /* SettingsViewModel.swift */,
				885564962834456700A6670A /* ActionButtonViewModel.swift */,
			);
			path = ViewModels;
			sourceTree = "<group>";
		};
		88B7CB392808EA34005B727E /* Views */ = {
			isa = PBXGroup;
			children = (
				88556425282DA2DC00A6670A /* MainViews */,
				88556422282DA2DC00A6670A /* InspirationViews */,
				8855642B282DA2DC00A6670A /* BadgeView.swift */,
				88556420282DA2DC00A6670A /* CircularProgressView.swift */,
				88556421282DA2DC00A6670A /* ProgressRingView.swift */,
				8855649C283445D000A6670A /* ActionButton.swift */,
				88FF390B282494C700CFFC0E /* MyForm.swift */,
				88FF390D282495C100CFFC0E /* MyTextField.swift */,
			);
			path = Views;
			sourceTree = "<group>";
		};
		88B7CB3A2808EA39005B727E /* Models */ = {
			isa = PBXGroup;
			children = (
				885746AD27FFAD69006830F5 /* ReminderGroup.swift */,
				8855643E282DA36F00A6670A /* ImageGallery.swift */,
				8855643F282DA36F00A6670A /* Reminder.swift */,
				885564A02834464400A6670A /* Settings.swift */,
			);
			path = Models;
			sourceTree = "<group>";
		};
/* End PBXGroup section */

/* Begin PBXNativeTarget section */
		8857469527F3CD2F006830F5 /* ToDoSwiftUI */ = {
			isa = PBXNativeTarget;
			buildConfigurationList = 885746A427F3CD30006830F5 /* Build configuration list for PBXNativeTarget "ToDoSwiftUI" */;
			buildPhases = (
				8857469227F3CD2F006830F5 /* Sources */,
				8857469327F3CD2F006830F5 /* Frameworks */,
				8857469427F3CD2F006830F5 /* Resources */,
			);
			buildRules = (
			);
			dependencies = (
			);
			name = ToDoSwiftUI;
			productName = ToDoSwiftUI;
			productReference = 8857469627F3CD2F006830F5 /* ToDoSwiftUI.app */;
			productType = "com.apple.product-type.application";
		};
/* End PBXNativeTarget section */

/* Begin PBXProject section */
		8857468E27F3CD2F006830F5 /* Project object */ = {
			isa = PBXProject;
			attributes = {
				BuildIndependentTargetsInParallel = 1;
				LastSwiftUpdateCheck = 1330;
				LastUpgradeCheck = 1330;
				TargetAttributes = {
					8857469527F3CD2F006830F5 = {
						CreatedOnToolsVersion = 13.3;
					};
				};
			};
			buildConfigurationList = 8857469127F3CD2F006830F5 /* Build configuration list for PBXProject "ToDoSwiftUI" */;
			compatibilityVersion = "Xcode 13.0";
			developmentRegion = en;
			hasScannedForEncodings = 0;
			knownRegions = (
				en,
				Base,
			);
			mainGroup = 8857468D27F3CD2F006830F5;
			productRefGroup = 8857469727F3CD2F006830F5 /* Products */;
			projectDirPath = "";
			projectRoot = "";
			targets = (
				8857469527F3CD2F006830F5 /* ToDoSwiftUI */,
			);
		};
/* End PBXProject section */

/* Begin PBXResourcesBuildPhase section */
		8857469427F3CD2F006830F5 /* Resources */ = {
			isa = PBXResourcesBuildPhase;
			buildActionMask = 2147483647;
			files = (
				885746A127F3CD30006830F5 /* Preview Assets.xcassets in Resources */,
				8857469E27F3CD30006830F5 /* Assets.xcassets in Resources */,
			);
			runOnlyForDeploymentPostprocessing = 0;
		};
/* End PBXResourcesBuildPhase section */

/* Begin PBXSourcesBuildPhase section */
		8857469227F3CD2F006830F5 /* Sources */ = {
			isa = PBXSourcesBuildPhase;
			buildActionMask = 2147483647;
			files = (
				8855644B282DA3E300A6670A /* UserData.swift in Sources */,
				8855643A282DA33800A6670A /* ReminderViewModel.swift in Sources */,
				88322892281221A2008A8EE7 /* Animation+Customized.swift in Sources */,
				88556445282DA37C00A6670A /* ReminderGroupRepository.swift in Sources */,
				88B7CB232806404C005B727E /* Color+Utility.swift in Sources */,
				885564A32834474A00A6670A /* DetailView.swift in Sources */,
				885746AE27FFAD69006830F5 /* ReminderGroup.swift in Sources */,
				88556449282DA39D00A6670A /* ImageGalleryAPIService.swift.swift in Sources */,
				88B7CB2528064330005B727E /* String+Utility.swift in Sources */,
				88556439282DA33800A6670A /* ImageGalleryViewModel.swift in Sources */,
				8857469A27F3CD2F006830F5 /* ToDoSwiftUIApp.swift in Sources */,
				88556446282DA37C00A6670A /* ReminderRepository.swift in Sources */,
				8855643B282DA33800A6670A /* RootRepositoryViewModel.swift in Sources */,
				8832289B281B3D02008A8EE7 /* StateObjectDemo.swift in Sources */,
				885564A52834475800A6670A /* ReminderView.swift in Sources */,
				88B7CB2828064502005B727E /* hw1hints.swift in Sources */,
				885564972834456700A6670A /* ActionButtonViewModel.swift in Sources */,
				8855649F283445EF00A6670A /* SettingsViewModel.swift in Sources */,
				8855642D282DA2DC00A6670A /* ProgressRingView.swift in Sources */,
				88FF390C282494C700CFFC0E /* MyForm.swift in Sources */,
				88556450282DA45300A6670A /* Progressable.swift in Sources */,
				8855642E282DA2DC00A6670A /* InspirationView.swift in Sources */,
				8855642C282DA2DC00A6670A /* CircularProgressView.swift in Sources */,
				8855649B2834459400A6670A /* SettingsView.swift in Sources */,
				885564992834458900A6670A /* GroupView.swift in Sources */,
				883228982818921B008A8EE7 /* StructuralIdentity.swift in Sources */,
				8855644E282DA40E00A6670A /* IORepository.swift in Sources */,
				88556430282DA2DC00A6670A /* ReminderCardView.swift in Sources */,
				88556435282DA2DC00A6670A /* BadgeView.swift in Sources */,
				88322863280F840A008A8EE7 /* AnimationDemo2.swift in Sources */,
				88B7CB372808E41A005B727E /* View+Utility.swift in Sources */,
				8832285F280F7E82008A8EE7 /* AnimationDemo.swift in Sources */,
				8832289D281B4C46008A8EE7 /* StableOrUnstableID.swift in Sources */,
				88556433282DA2DC00A6670A /* GroupCardView.swift in Sources */,
				8855643D282DA35A00A6670A /* View+Progressable.swift in Sources */,
				88FF390E282495C100CFFC0E /* MyTextField.swift in Sources */,
				88B7CB3C2808EA9F005B727E /* ReminderGroupViewModel.swift in Sources */,
				88556440282DA36F00A6670A /* ImageGallery.swift in Sources */,
				88556441282DA36F00A6670A /* Reminder.swift in Sources */,
				8855642F282DA2DC00A6670A /* ImageGalleryView.swift in Sources */,
				88B7CB2B28064957005B727E /* Expand.swift in Sources */,
				883228942812247D008A8EE7 /* AnyTransition+Customized.swift in Sources */,
				885564A12834464400A6670A /* Settings.swift in Sources */,
				8855649D283445D000A6670A /* ActionButton.swift in Sources */,
			);
			runOnlyForDeploymentPostprocessing = 0;
		};
/* End PBXSourcesBuildPhase section */

/* Begin XCBuildConfiguration section */
		885746A227F3CD30006830F5 /* Debug */ = {
			isa = XCBuildConfiguration;
			buildSettings = {
				ALWAYS_SEARCH_USER_PATHS = NO;
				CLANG_ANALYZER_NONNULL = YES;
				CLANG_ANALYZER_NUMBER_OBJECT_CONVERSION = YES_AGGRESSIVE;
				CLANG_CXX_LANGUAGE_STANDARD = "gnu++17";
				CLANG_ENABLE_MODULES = YES;
				CLANG_ENABLE_OBJC_ARC = YES;
				CLANG_ENABLE_OBJC_WEAK = YES;
				CLANG_WARN_BLOCK_CAPTURE_AUTORELEASING = YES;
				CLANG_WARN_BOOL_CONVERSION = YES;
				CLANG_WARN_COMMA = YES;
				CLANG_WARN_CONSTANT_CONVERSION = YES;
				CLANG_WARN_DEPRECATED_OBJC_IMPLEMENTATIONS = YES;
				CLANG_WARN_DIRECT_OBJC_ISA_USAGE = YES_ERROR;
				CLANG_WARN_DOCUMENTATION_COMMENTS = YES;
				CLANG_WARN_EMPTY_BODY = YES;
				CLANG_WARN_ENUM_CONVERSION = YES;
				CLANG_WARN_INFINITE_RECURSION = YES;
				CLANG_WARN_INT_CONVERSION = YES;
				CLANG_WARN_NON_LITERAL_NULL_CONVERSION = YES;
				CLANG_WARN_OBJC_IMPLICIT_RETAIN_SELF = YES;
				CLANG_WARN_OBJC_LITERAL_CONVERSION = YES;
				CLANG_WARN_OBJC_ROOT_CLASS = YES_ERROR;
				CLANG_WARN_QUOTED_INCLUDE_IN_FRAMEWORK_HEADER = YES;
				CLANG_WARN_RANGE_LOOP_ANALYSIS = YES;
				CLANG_WARN_STRICT_PROTOTYPES = YES;
				CLANG_WARN_SUSPICIOUS_MOVE = YES;
				CLANG_WARN_UNGUARDED_AVAILABILITY = YES_AGGRESSIVE;
				CLANG_WARN_UNREACHABLE_CODE = YES;
				CLANG_WARN__DUPLICATE_METHOD_MATCH = YES;
				COPY_PHASE_STRIP = NO;
				DEBUG_INFORMATION_FORMAT = dwarf;
				ENABLE_STRICT_OBJC_MSGSEND = YES;
				ENABLE_TESTABILITY = YES;
				GCC_C_LANGUAGE_STANDARD = gnu11;
				GCC_DYNAMIC_NO_PIC = NO;
				GCC_NO_COMMON_BLOCKS = YES;
				GCC_OPTIMIZATION_LEVEL = 0;
				GCC_PREPROCESSOR_DEFINITIONS = (
					"DEBUG=1",
					"$(inherited)",
				);
				GCC_WARN_64_TO_32_BIT_CONVERSION = YES;
				GCC_WARN_ABOUT_RETURN_TYPE = YES_ERROR;
				GCC_WARN_UNDECLARED_SELECTOR = YES;
				GCC_WARN_UNINITIALIZED_AUTOS = YES_AGGRESSIVE;
				GCC_WARN_UNUSED_FUNCTION = YES;
				GCC_WARN_UNUSED_VARIABLE = YES;
				IPHONEOS_DEPLOYMENT_TARGET = 15.4;
				MTL_ENABLE_DEBUG_INFO = INCLUDE_SOURCE;
				MTL_FAST_MATH = YES;
				ONLY_ACTIVE_ARCH = YES;
				SDKROOT = iphoneos;
				SWIFT_ACTIVE_COMPILATION_CONDITIONS = DEBUG;
				SWIFT_OPTIMIZATION_LEVEL = "-Onone";
			};
			name = Debug;
		};
		885746A327F3CD30006830F5 /* Release */ = {
			isa = XCBuildConfiguration;
			buildSettings = {
				ALWAYS_SEARCH_USER_PATHS = NO;
				CLANG_ANALYZER_NONNULL = YES;
				CLANG_ANALYZER_NUMBER_OBJECT_CONVERSION = YES_AGGRESSIVE;
				CLANG_CXX_LANGUAGE_STANDARD = "gnu++17";
				CLANG_ENABLE_MODULES = YES;
				CLANG_ENABLE_OBJC_ARC = YES;
				CLANG_ENABLE_OBJC_WEAK = YES;
				CLANG_WARN_BLOCK_CAPTURE_AUTORELEASING = YES;
				CLANG_WARN_BOOL_CONVERSION = YES;
				CLANG_WARN_COMMA = YES;
				CLANG_WARN_CONSTANT_CONVERSION = YES;
				CLANG_WARN_DEPRECATED_OBJC_IMPLEMENTATIONS = YES;
				CLANG_WARN_DIRECT_OBJC_ISA_USAGE = YES_ERROR;
				CLANG_WARN_DOCUMENTATION_COMMENTS = YES;
				CLANG_WARN_EMPTY_BODY = YES;
				CLANG_WARN_ENUM_CONVERSION = YES;
				CLANG_WARN_INFINITE_RECURSION = YES;
				CLANG_WARN_INT_CONVERSION = YES;
				CLANG_WARN_NON_LITERAL_NULL_CONVERSION = YES;
				CLANG_WARN_OBJC_IMPLICIT_RETAIN_SELF = YES;
				CLANG_WARN_OBJC_LITERAL_CONVERSION = YES;
				CLANG_WARN_OBJC_ROOT_CLASS = YES_ERROR;
				CLANG_WARN_QUOTED_INCLUDE_IN_FRAMEWORK_HEADER = YES;
				CLANG_WARN_RANGE_LOOP_ANALYSIS = YES;
				CLANG_WARN_STRICT_PROTOTYPES = YES;
				CLANG_WARN_SUSPICIOUS_MOVE = YES;
				CLANG_WARN_UNGUARDED_AVAILABILITY = YES_AGGRESSIVE;
				CLANG_WARN_UNREACHABLE_CODE = YES;
				CLANG_WARN__DUPLICATE_METHOD_MATCH = YES;
				COPY_PHASE_STRIP = NO;
				DEBUG_INFORMATION_FORMAT = "dwarf-with-dsym";
				ENABLE_NS_ASSERTIONS = NO;
				ENABLE_STRICT_OBJC_MSGSEND = YES;
				GCC_C_LANGUAGE_STANDARD = gnu11;
				GCC_NO_COMMON_BLOCKS = YES;
				GCC_WARN_64_TO_32_BIT_CONVERSION = YES;
				GCC_WARN_ABOUT_RETURN_TYPE = YES_ERROR;
				GCC_WARN_UNDECLARED_SELECTOR = YES;
				GCC_WARN_UNINITIALIZED_AUTOS = YES_AGGRESSIVE;
				GCC_WARN_UNUSED_FUNCTION = YES;
				GCC_WARN_UNUSED_VARIABLE = YES;
				IPHONEOS_DEPLOYMENT_TARGET = 15.4;
				MTL_ENABLE_DEBUG_INFO = NO;
				MTL_FAST_MATH = YES;
				SDKROOT = iphoneos;
				SWIFT_COMPILATION_MODE = wholemodule;
				SWIFT_OPTIMIZATION_LEVEL = "-O";
				VALIDATE_PRODUCT = YES;
			};
			name = Release;
		};
		885746A527F3CD30006830F5 /* Debug */ = {
			isa = XCBuildConfiguration;
			buildSettings = {
				ASSETCATALOG_COMPILER_APPICON_NAME = AppIcon;
				ASSETCATALOG_COMPILER_GLOBAL_ACCENT_COLOR_NAME = AccentColor;
				CODE_SIGN_STYLE = Automatic;
				CURRENT_PROJECT_VERSION = 1;
				DEVELOPMENT_ASSET_PATHS = "\"ToDoSwiftUI/Preview Content\"";
				ENABLE_PREVIEWS = YES;
				GENERATE_INFOPLIST_FILE = YES;
				INFOPLIST_KEY_UIApplicationSceneManifest_Generation = YES;
				INFOPLIST_KEY_UIApplicationSupportsIndirectInputEvents = YES;
				INFOPLIST_KEY_UILaunchScreen_Generation = YES;
				INFOPLIST_KEY_UISupportedInterfaceOrientations_iPad = "UIInterfaceOrientationPortrait UIInterfaceOrientationPortraitUpsideDown UIInterfaceOrientationLandscapeLeft UIInterfaceOrientationLandscapeRight";
				INFOPLIST_KEY_UISupportedInterfaceOrientations_iPhone = "UIInterfaceOrientationPortrait UIInterfaceOrientationLandscapeLeft UIInterfaceOrientationLandscapeRight";
				LD_RUNPATH_SEARCH_PATHS = (
					"$(inherited)",
					"@executable_path/Frameworks",
				);
				MARKETING_VERSION = 1.0;
				PRODUCT_BUNDLE_IDENTIFIER = com.ybyan.www.ToDoSwiftUI;
				PRODUCT_NAME = "$(TARGET_NAME)";
				SWIFT_EMIT_LOC_STRINGS = YES;
				SWIFT_VERSION = 5.0;
				TARGETED_DEVICE_FAMILY = "1,2";
			};
			name = Debug;
		};
		885746A627F3CD30006830F5 /* Release */ = {
			isa = XCBuildConfiguration;
			buildSettings = {
				ASSETCATALOG_COMPILER_APPICON_NAME = AppIcon;
				ASSETCATALOG_COMPILER_GLOBAL_ACCENT_COLOR_NAME = AccentColor;
				CODE_SIGN_STYLE = Automatic;
				CURRENT_PROJECT_VERSION = 1;
				DEVELOPMENT_ASSET_PATHS = "\"ToDoSwiftUI/Preview Content\"";
				ENABLE_PREVIEWS = YES;
				GENERATE_INFOPLIST_FILE = YES;
				INFOPLIST_KEY_UIApplicationSceneManifest_Generation = YES;
				INFOPLIST_KEY_UIApplicationSupportsIndirectInputEvents = YES;
				INFOPLIST_KEY_UILaunchScreen_Generation = YES;
				INFOPLIST_KEY_UISupportedInterfaceOrientations_iPad = "UIInterfaceOrientationPortrait UIInterfaceOrientationPortraitUpsideDown UIInterfaceOrientationLandscapeLeft UIInterfaceOrientationLandscapeRight";
				INFOPLIST_KEY_UISupportedInterfaceOrientations_iPhone = "UIInterfaceOrientationPortrait UIInterfaceOrientationLandscapeLeft UIInterfaceOrientationLandscapeRight";
				LD_RUNPATH_SEARCH_PATHS = (
					"$(inherited)",
					"@executable_path/Frameworks",
				);
				MARKETING_VERSION = 1.0;
				PRODUCT_BUNDLE_IDENTIFIER = com.ybyan.www.ToDoSwiftUI;
				PRODUCT_NAME = "$(TARGET_NAME)";
				SWIFT_EMIT_LOC_STRINGS = YES;
				SWIFT_VERSION = 5.0;
				TARGETED_DEVICE_FAMILY = "1,2";
			};
			name = Release;
		};
/* End XCBuildConfiguration section */

/* Begin XCConfigurationList section */
		8857469127F3CD2F006830F5 /* Build configuration list for PBXProject "ToDoSwiftUI" */ = {
			isa = XCConfigurationList;
			buildConfigurations = (
				885746A227F3CD30006830F5 /* Debug */,
				885746A327F3CD30006830F5 /* Release */,
			);
			defaultConfigurationIsVisible = 0;
			defaultConfigurationName = Release;
		};
		885746A427F3CD30006830F5 /* Build configuration list for PBXNativeTarget "ToDoSwiftUI" */ = {
			isa = XCConfigurationList;
			buildConfigurations = (
				885746A527F3CD30006830F5 /* Debug */,
				885746A627F3CD30006830F5 /* Release */,
			);
			defaultConfigurationIsVisible = 0;
			defaultConfigurationName = Release;
		};
/* End XCConfigurationList section */
	};
	rootObject = 8857468E27F3CD2F006830F5 /* Project object */;
}
