// !$*UTF8*$!
{
	archiveVersion = 1;
	classes = {
	};
	objectVersion = 55;
	objects = {

/* Begin PBXBuildFile section */
		884711B6283D8E2F00600CFE /* SwiftConcurrencyDemoApp.swift in Sources */ = {isa = PBXBuildFile; fileRef = 884711B5283D8E2F00600CFE /* SwiftConcurrencyDemoApp.swift */; };
		884711B8283D8E2F00600CFE /* ContentView.swift in Sources */ = {isa = PBXBuildFile; fileRef = 884711B7283D8E2F00600CFE /* ContentView.swift */; };
		884711BA283D8E3000600CFE /* Assets.xcassets in Resources */ = {isa = PBXBuildFile; fileRef = 884711B9283D8E3000600CFE /* Assets.xcassets */; };
		884711BD283D8E3000600CFE /* Preview Assets.xcassets in Resources */ = {isa = PBXBuildFile; fileRef = 884711BC283D8E3000600CFE /* Preview Assets.xcassets */; };
		884711C4283D8E6B00600CFE /* AsyncLet.swift in Sources */ = {isa = PBXBuildFile; fileRef = 884711C3283D8E6B00600CFE /* AsyncLet.swift */; };
		884711C8283F4BD500600CFE /* TaskGroup.swift in Sources */ = {isa = PBXBuildFile; fileRef = 884711C7283F4BD500600CFE /* TaskGroup.swift */; };
		884711CA283F5F1400600CFE /* TaskHandle.swift in Sources */ = {isa = PBXBuildFile; fileRef = 884711C9283F5F1400600CFE /* TaskHandle.swift */; };
		884711CE283F778100600CFE /* SimpleActorDemo.swift in Sources */ = {isa = PBXBuildFile; fileRef = 884711CD283F778100600CFE /* SimpleActorDemo.swift */; };
		884711D0284016C900600CFE /* ReadOnlyAsync.swift in Sources */ = {isa = PBXBuildFile; fileRef = 884711CF284016C900600CFE /* ReadOnlyAsync.swift */; };
		884711D2284025F200600CFE /* AsyncSequenceDemo.swift in Sources */ = {isa = PBXBuildFile; fileRef = 884711D1284025F200600CFE /* AsyncSequenceDemo.swift */; };
/* End PBXBuildFile section */

/* Begin PBXFileReference section */
		884711B2283D8E2F00600CFE /* SwiftConcurrencyDemo.app */ = {isa = PBXFileReference; explicitFileType = wrapper.application; includeInIndex = 0; path = SwiftConcurrencyDemo.app; sourceTree = BUILT_PRODUCTS_DIR; };
		884711B5283D8E2F00600CFE /* SwiftConcurrencyDemoApp.swift */ = {isa = PBXFileReference; lastKnownFileType = sourcecode.swift; path = SwiftConcurrencyDemoApp.swift; sourceTree = "<group>"; };
		884711B7283D8E2F00600CFE /* ContentView.swift */ = {isa = PBXFileReference; lastKnownFileType = sourcecode.swift; path = ContentView.swift; sourceTree = "<group>"; };
		884711B9283D8E3000600CFE /* Assets.xcassets */ = {isa = PBXFileReference; lastKnownFileType = folder.assetcatalog; path = Assets.xcassets; sourceTree = "<group>"; };
		884711BC283D8E3000600CFE /* Preview Assets.xcassets */ = {isa = PBXFileReference; lastKnownFileType = folder.assetcatalog; path = "Preview Assets.xcassets"; sourceTree = "<group>"; };
		884711C3283D8E6B00600CFE /* AsyncLet.swift */ = {isa = PBXFileReference; lastKnownFileType = sourcecode.swift; path = AsyncLet.swift; sourceTree = "<group>"; };
		884711C7283F4BD500600CFE /* TaskGroup.swift */ = {isa = PBXFileReference; lastKnownFileType = sourcecode.swift; path = TaskGroup.swift; sourceTree = "<group>"; };
		884711C9283F5F1400600CFE /* TaskHandle.swift */ = {isa = PBXFileReference; lastKnownFileType = sourcecode.swift; path = TaskHandle.swift; sourceTree = "<group>"; };
		884711CD283F778100600CFE /* SimpleActorDemo.swift */ = {isa = PBXFileReference; lastKnownFileType = sourcecode.swift; path = SimpleActorDemo.swift; sourceTree = "<group>"; };
		884711CF284016C900600CFE /* ReadOnlyAsync.swift */ = {isa = PBXFileReference; lastKnownFileType = sourcecode.swift; path = ReadOnlyAsync.swift; sourceTree = "<group>"; };
		884711D1284025F200600CFE /* AsyncSequenceDemo.swift */ = {isa = PBXFileReference; lastKnownFileType = sourcecode.swift; path = AsyncSequenceDemo.swift; sourceTree = "<group>"; };
/* End PBXFileReference section */

/* Begin PBXFrameworksBuildPhase section */
		884711AF283D8E2F00600CFE /* Frameworks */ = {
			isa = PBXFrameworksBuildPhase;
			buildActionMask = 2147483647;
			files = (
			);
			runOnlyForDeploymentPostprocessing = 0;
		};
/* End PBXFrameworksBuildPhase section */

/* Begin PBXGroup section */
		884711A9283D8E2F00600CFE = {
			isa = PBXGroup;
			children = (
				884711B4283D8E2F00600CFE /* SwiftConcurrencyDemo */,
				884711B3283D8E2F00600CFE /* Products */,
			);
			sourceTree = "<group>";
		};
		884711B3283D8E2F00600CFE /* Products */ = {
			isa = PBXGroup;
			children = (
				884711B2283D8E2F00600CFE /* SwiftConcurrencyDemo.app */,
			);
			name = Products;
			sourceTree = "<group>";
		};
		884711B4283D8E2F00600CFE /* SwiftConcurrencyDemo */ = {
			isa = PBXGroup;
			children = (
				884711B5283D8E2F00600CFE /* SwiftConcurrencyDemoApp.swift */,
				884711B7283D8E2F00600CFE /* ContentView.swift */,
				884711C3283D8E6B00600CFE /* AsyncLet.swift */,
				884711CF284016C900600CFE /* ReadOnlyAsync.swift */,
				884711C7283F4BD500600CFE /* TaskGroup.swift */,
				884711C9283F5F1400600CFE /* TaskHandle.swift */,
				884711D1284025F200600CFE /* AsyncSequenceDemo.swift */,
				884711CD283F778100600CFE /* SimpleActorDemo.swift */,
				884711B9283D8E3000600CFE /* Assets.xcassets */,
				884711BB283D8E3000600CFE /* Preview Content */,
			);
			path = SwiftConcurrencyDemo;
			sourceTree = "<group>";
		};
		884711BB283D8E3000600CFE /* Preview Content */ = {
			isa = PBXGroup;
			children = (
				884711BC283D8E3000600CFE /* Preview Assets.xcassets */,
			);
			path = "Preview Content";
			sourceTree = "<group>";
		};
/* End PBXGroup section */

/* Begin PBXNativeTarget section */
		884711B1283D8E2F00600CFE /* SwiftConcurrencyDemo */ = {
			isa = PBXNativeTarget;
			buildConfigurationList = 884711C0283D8E3000600CFE /* Build configuration list for PBXNativeTarget "SwiftConcurrencyDemo" */;
			buildPhases = (
				884711AE283D8E2F00600CFE /* Sources */,
				884711AF283D8E2F00600CFE /* Frameworks */,
				884711B0283D8E2F00600CFE /* Resources */,
			);
			buildRules = (
			);
			dependencies = (
			);
			name = SwiftConcurrencyDemo;
			productName = SwiftConcurrencyDemo;
			productReference = 884711B2283D8E2F00600CFE /* SwiftConcurrencyDemo.app */;
			productType = "com.apple.product-type.application";
		};
/* End PBXNativeTarget section */

/* Begin PBXProject section */
		884711AA283D8E2F00600CFE /* Project object */ = {
			isa = PBXProject;
			attributes = {
				BuildIndependentTargetsInParallel = 1;
				LastSwiftUpdateCheck = 1340;
				LastUpgradeCheck = 1340;
				TargetAttributes = {
					884711B1283D8E2F00600CFE = {
						CreatedOnToolsVersion = 13.4;
					};
				};
			};
			buildConfigurationList = 884711AD283D8E2F00600CFE /* Build configuration list for PBXProject "SwiftConcurrencyDemo" */;
			compatibilityVersion = "Xcode 13.0";
			developmentRegion = en;
			hasScannedForEncodings = 0;
			knownRegions = (
				en,
				Base,
			);
			mainGroup = 884711A9283D8E2F00600CFE;
			productRefGroup = 884711B3283D8E2F00600CFE /* Products */;
			projectDirPath = "";
			projectRoot = "";
			targets = (
				884711B1283D8E2F00600CFE /* SwiftConcurrencyDemo */,
			);
		};
/* End PBXProject section */

/* Begin PBXResourcesBuildPhase section */
		884711B0283D8E2F00600CFE /* Resources */ = {
			isa = PBXResourcesBuildPhase;
			buildActionMask = 2147483647;
			files = (
				884711BD283D8E3000600CFE /* Preview Assets.xcassets in Resources */,
				884711BA283D8E3000600CFE /* Assets.xcassets in Resources */,
			);
			runOnlyForDeploymentPostprocessing = 0;
		};
/* End PBXResourcesBuildPhase section */

/* Begin PBXSourcesBuildPhase section */
		884711AE283D8E2F00600CFE /* Sources */ = {
			isa = PBXSourcesBuildPhase;
			buildActionMask = 2147483647;
			files = (
				884711C4283D8E6B00600CFE /* AsyncLet.swift in Sources */,
				884711B8283D8E2F00600CFE /* ContentView.swift in Sources */,
				884711D0284016C900600CFE /* ReadOnlyAsync.swift in Sources */,
				884711CE283F778100600CFE /* SimpleActorDemo.swift in Sources */,
				884711C8283F4BD500600CFE /* TaskGroup.swift in Sources */,
				884711B6283D8E2F00600CFE /* SwiftConcurrencyDemoApp.swift in Sources */,
				884711D2284025F200600CFE /* AsyncSequenceDemo.swift in Sources */,
				884711CA283F5F1400600CFE /* TaskHandle.swift in Sources */,
			);
			runOnlyForDeploymentPostprocessing = 0;
		};
/* End PBXSourcesBuildPhase section */

/* Begin XCBuildConfiguration section */
		884711BE283D8E3000600CFE /* Debug */ = {
			isa = XCBuildConfiguration;
			buildSettings = {
				ALWAYS_SEARCH_USER_PATHS = NO;
				CLANG_ANALYZER_NONNULL = YES;
				CLANG_ANALYZER_NUMBER_OBJECT_CONVERSION = YES_AGGRESSIVE;
				CLANG_CXX_LANGUAGE_STANDARD = "gnu++17";
				CLANG_ENABLE_MODULES = YES;
				CLANG_ENABLE_OBJC_ARC = YES;
				CLANG_ENABLE_OBJC_WEAK = YES;
				CLANG_WARN_BLOCK_CAPTURE_AUTORELEASING = YES;
				CLANG_WARN_BOOL_CONVERSION = YES;
				CLANG_WARN_COMMA = YES;
				CLANG_WARN_CONSTANT_CONVERSION = YES;
				CLANG_WARN_DEPRECATED_OBJC_IMPLEMENTATIONS = YES;
				CLANG_WARN_DIRECT_OBJC_ISA_USAGE = YES_ERROR;
				CLANG_WARN_DOCUMENTATION_COMMENTS = YES;
				CLANG_WARN_EMPTY_BODY = YES;
				CLANG_WARN_ENUM_CONVERSION = YES;
				CLANG_WARN_INFINITE_RECURSION = YES;
				CLANG_WARN_INT_CONVERSION = YES;
				CLANG_WARN_NON_LITERAL_NULL_CONVERSION = YES;
				CLANG_WARN_OBJC_IMPLICIT_RETAIN_SELF = YES;
				CLANG_WARN_OBJC_LITERAL_CONVERSION = YES;
				CLANG_WARN_OBJC_ROOT_CLASS = YES_ERROR;
				CLANG_WARN_QUOTED_INCLUDE_IN_FRAMEWORK_HEADER = YES;
				CLANG_WARN_RANGE_LOOP_ANALYSIS = YES;
				CLANG_WARN_STRICT_PROTOTYPES = YES;
				CLANG_WARN_SUSPICIOUS_MOVE = YES;
				CLANG_WARN_UNGUARDED_AVAILABILITY = YES_AGGRESSIVE;
				CLANG_WARN_UNREACHABLE_CODE = YES;
				CLANG_WARN__DUPLICATE_METHOD_MATCH = YES;
				COPY_PHASE_STRIP = NO;
				DEBUG_INFORMATION_FORMAT = dwarf;
				ENABLE_STRICT_OBJC_MSGSEND = YES;
				ENABLE_TESTABILITY = YES;
				GCC_C_LANGUAGE_STANDARD = gnu11;
				GCC_DYNAMIC_NO_PIC = NO;
				GCC_NO_COMMON_BLOCKS = YES;
				GCC_OPTIMIZATION_LEVEL = 0;
				GCC_PREPROCESSOR_DEFINITIONS = (
					"DEBUG=1",
					"$(inherited)",
				);
				GCC_WARN_64_TO_32_BIT_CONVERSION = YES;
				GCC_WARN_ABOUT_RETURN_TYPE = YES_ERROR;
				GCC_WARN_UNDECLARED_SELECTOR = YES;
				GCC_WARN_UNINITIALIZED_AUTOS = YES_AGGRESSIVE;
				GCC_WARN_UNUSED_FUNCTION = YES;
				GCC_WARN_UNUSED_VARIABLE = YES;
				IPHONEOS_DEPLOYMENT_TARGET = 15.5;
				MTL_ENABLE_DEBUG_INFO = INCLUDE_SOURCE;
				MTL_FAST_MATH = YES;
				ONLY_ACTIVE_ARCH = YES;
				SDKROOT = iphoneos;
				SWIFT_ACTIVE_COMPILATION_CONDITIONS = DEBUG;
				SWIFT_OPTIMIZATION_LEVEL = "-Onone";
			};
			name = Debug;
		};
		884711BF283D8E3000600CFE /* Release */ = {
			isa = XCBuildConfiguration;
			buildSettings = {
				ALWAYS_SEARCH_USER_PATHS = NO;
				CLANG_ANALYZER_NONNULL = YES;
				CLANG_ANALYZER_NUMBER_OBJECT_CONVERSION = YES_AGGRESSIVE;
				CLANG_CXX_LANGUAGE_STANDARD = "gnu++17";
				CLANG_ENABLE_MODULES = YES;
				CLANG_ENABLE_OBJC_ARC = YES;
				CLANG_ENABLE_OBJC_WEAK = YES;
				CLANG_WARN_BLOCK_CAPTURE_AUTORELEASING = YES;
				CLANG_WARN_BOOL_CONVERSION = YES;
				CLANG_WARN_COMMA = YES;
				CLANG_WARN_CONSTANT_CONVERSION = YES;
				CLANG_WARN_DEPRECATED_OBJC_IMPLEMENTATIONS = YES;
				CLANG_WARN_DIRECT_OBJC_ISA_USAGE = YES_ERROR;
				CLANG_WARN_DOCUMENTATION_COMMENTS = YES;
				CLANG_WARN_EMPTY_BODY = YES;
				CLANG_WARN_ENUM_CONVERSION = YES;
				CLANG_WARN_INFINITE_RECURSION = YES;
				CLANG_WARN_INT_CONVERSION = YES;
				CLANG_WARN_NON_LITERAL_NULL_CONVERSION = YES;
				CLANG_WARN_OBJC_IMPLICIT_RETAIN_SELF = YES;
				CLANG_WARN_OBJC_LITERAL_CONVERSION = YES;
				CLANG_WARN_OBJC_ROOT_CLASS = YES_ERROR;
				CLANG_WARN_QUOTED_INCLUDE_IN_FRAMEWORK_HEADER = YES;
				CLANG_WARN_RANGE_LOOP_ANALYSIS = YES;
				CLANG_WARN_STRICT_PROTOTYPES = YES;
				CLANG_WARN_SUSPICIOUS_MOVE = YES;
				CLANG_WARN_UNGUARDED_AVAILABILITY = YES_AGGRESSIVE;
				CLANG_WARN_UNREACHABLE_CODE = YES;
				CLANG_WARN__DUPLICATE_METHOD_MATCH = YES;
				COPY_PHASE_STRIP = NO;
				DEBUG_INFORMATION_FORMAT = "dwarf-with-dsym";
				ENABLE_NS_ASSERTIONS = NO;
				ENABLE_STRICT_OBJC_MSGSEND = YES;
				GCC_C_LANGUAGE_STANDARD = gnu11;
				GCC_NO_COMMON_BLOCKS = YES;
				GCC_WARN_64_TO_32_BIT_CONVERSION = YES;
				GCC_WARN_ABOUT_RETURN_TYPE = YES_ERROR;
				GCC_WARN_UNDECLARED_SELECTOR = YES;
				GCC_WARN_UNINITIALIZED_AUTOS = YES_AGGRESSIVE;
				GCC_WARN_UNUSED_FUNCTION = YES;
				GCC_WARN_UNUSED_VARIABLE = YES;
				IPHONEOS_DEPLOYMENT_TARGET = 15.5;
				MTL_ENABLE_DEBUG_INFO = NO;
				MTL_FAST_MATH = YES;
				SDKROOT = iphoneos;
				SWIFT_COMPILATION_MODE = wholemodule;
				SWIFT_OPTIMIZATION_LEVEL = "-O";
				VALIDATE_PRODUCT = YES;
			};
			name = Release;
		};
		884711C1283D8E3000600CFE /* Debug */ = {
			isa = XCBuildConfiguration;
			buildSettings = {
				ASSETCATALOG_COMPILER_APPICON_NAME = AppIcon;
				ASSETCATALOG_COMPILER_GLOBAL_ACCENT_COLOR_NAME = AccentColor;
				CODE_SIGN_IDENTITY = "Apple Development";
				CODE_SIGN_STYLE = Automatic;
				CURRENT_PROJECT_VERSION = 1;
				DEVELOPMENT_ASSET_PATHS = "\"SwiftConcurrencyDemo/Preview Content\"";
				DEVELOPMENT_TEAM = "";
				ENABLE_PREVIEWS = YES;
				GENERATE_INFOPLIST_FILE = YES;
				INFOPLIST_KEY_UIApplicationSceneManifest_Generation = YES;
				INFOPLIST_KEY_UIApplicationSupportsIndirectInputEvents = YES;
				INFOPLIST_KEY_UILaunchScreen_Generation = YES;
				INFOPLIST_KEY_UISupportedInterfaceOrientations_iPad = "UIInterfaceOrientationPortrait UIInterfaceOrientationPortraitUpsideDown UIInterfaceOrientationLandscapeLeft UIInterfaceOrientationLandscapeRight";
				INFOPLIST_KEY_UISupportedInterfaceOrientations_iPhone = "UIInterfaceOrientationPortrait UIInterfaceOrientationLandscapeLeft UIInterfaceOrientationLandscapeRight";
				LD_RUNPATH_SEARCH_PATHS = (
					"$(inherited)",
					"@executable_path/Frameworks",
				);
				MARKETING_VERSION = 1.0;
				PRODUCT_BUNDLE_IDENTIFIER = com.ecs198f003.www.SwiftConcurrencyDemo;
				PRODUCT_NAME = "$(TARGET_NAME)";
				PROVISIONING_PROFILE_SPECIFIER = "";
				SWIFT_EMIT_LOC_STRINGS = YES;
				SWIFT_VERSION = 5.0;
				TARGETED_DEVICE_FAMILY = "1,2";
			};
			name = Debug;
		};
		884711C2283D8E3000600CFE /* Release */ = {
			isa = XCBuildConfiguration;
			buildSettings = {
				ASSETCATALOG_COMPILER_APPICON_NAME = AppIcon;
				ASSETCATALOG_COMPILER_GLOBAL_ACCENT_COLOR_NAME = AccentColor;
				CODE_SIGN_IDENTITY = "Apple Development";
				CODE_SIGN_STYLE = Automatic;
				CURRENT_PROJECT_VERSION = 1;
				DEVELOPMENT_ASSET_PATHS = "\"SwiftConcurrencyDemo/Preview Content\"";
				DEVELOPMENT_TEAM = "";
				ENABLE_PREVIEWS = YES;
				GENERATE_INFOPLIST_FILE = YES;
				INFOPLIST_KEY_UIApplicationSceneManifest_Generation = YES;
				INFOPLIST_KEY_UIApplicationSupportsIndirectInputEvents = YES;
				INFOPLIST_KEY_UILaunchScreen_Generation = YES;
				INFOPLIST_KEY_UISupportedInterfaceOrientations_iPad = "UIInterfaceOrientationPortrait UIInterfaceOrientationPortraitUpsideDown UIInterfaceOrientationLandscapeLeft UIInterfaceOrientationLandscapeRight";
				INFOPLIST_KEY_UISupportedInterfaceOrientations_iPhone = "UIInterfaceOrientationPortrait UIInterfaceOrientationLandscapeLeft UIInterfaceOrientationLandscapeRight";
				LD_RUNPATH_SEARCH_PATHS = (
					"$(inherited)",
					"@executable_path/Frameworks",
				);
				MARKETING_VERSION = 1.0;
				PRODUCT_BUNDLE_IDENTIFIER = com.ecs198f003.www.SwiftConcurrencyDemo;
				PRODUCT_NAME = "$(TARGET_NAME)";
				PROVISIONING_PROFILE_SPECIFIER = "";
				SWIFT_EMIT_LOC_STRINGS = YES;
				SWIFT_VERSION = 5.0;
				TARGETED_DEVICE_FAMILY = "1,2";
			};
			name = Release;
		};
/* End XCBuildConfiguration section */

/* Begin XCConfigurationList section */
		884711AD283D8E2F00600CFE /* Build configuration list for PBXProject "SwiftConcurrencyDemo" */ = {
			isa = XCConfigurationList;
			buildConfigurations = (
				884711BE283D8E3000600CFE /* Debug */,
				884711BF283D8E3000600CFE /* Release */,
			);
			defaultConfigurationIsVisible = 0;
			defaultConfigurationName = Release;
		};
		884711C0283D8E3000600CFE /* Build configuration list for PBXNativeTarget "SwiftConcurrencyDemo" */ = {
			isa = XCConfigurationList;
			buildConfigurations = (
				884711C1283D8E3000600CFE /* Debug */,
				884711C2283D8E3000600CFE /* Release */,
			);
			defaultConfigurationIsVisible = 0;
			defaultConfigurationName = Release;
		};
/* End XCConfigurationList section */
	};
	rootObject = 884711AA283D8E2F00600CFE /* Project object */;
}
